
Microsoft Visual Studio Solution File, Format Version 12.00
# Visual Studio Version 17
VisualStudioVersion = 17.5.33627.172
MinimumVisualStudioVersion = 10.0.40219.1
Project("{FAE04EC0-301F-11D3-BF4B-00C04F79EFBC}") = "D02 - Task 04", "D02 - Task 04\D02 - Task 04.csproj", "{1F6E3FB4-683F-4B7E-98C1-398883C8CC7A}"
EndProject
Global
	GlobalSection(SolutionConfigurationPlatforms) = preSolution
		Debug|Any CPU = Debug|Any CPU
		Release|Any CPU = Release|Any CPU
	EndGlobalSection
	GlobalSection(ProjectConfigurationPlatforms) = postSolution
		{1F6E3FB4-683F-4B7E-98C1-398883C8CC7A}.Debug|Any CPU.ActiveCfg = Debug|Any CPU
		{1F6E3FB4-683F-4B7E-98C1-398883C8CC7A}.Debug|Any CPU.Build.0 = Debug|Any CPU
		{1F6E3FB4-683F-4B7E-98C1-398883C8CC7A}.Release|Any CPU.ActiveCfg = Release|Any CPU
		{1F6E3FB4-683F-4B7E-98C1-398883C8CC7A}.Release|Any CPU.Build.0 = Release|Any CPU
	EndGlobalSection
	GlobalSection(SolutionProperties) = preSolution
		HideSolutionNode = FALSE
	EndGlobalSection
	GlobalSection(ExtensibilityGlobals) = postSolution
		SolutionGuid = {FBB2BC67-2598-4B5D-81D9-C72924D44314}
	EndGlobalSection
EndGlobal
